// !$*UTF8*$!
{
	archiveVersion = 1;
	classes = {
	};
	objectVersion = 77;
	objects = {

/* Begin PBXBuildFile section */
		323D45962F0418BE006D02AD /* GoogleSignIn in Frameworks */ = {isa = PBXBuildFile; productRef = 323D45952F0418BE006D02AD /* GoogleSignIn */; };
		323D45982F0418BE006D02AD /* GoogleSignInSwift in Frameworks */ = {isa = PBXBuildFile; productRef = 323D45972F0418BE006D02AD /* GoogleSignInSwift */; };
		32AF5AC22EFEBB49006BFB6C /* Supabase in Frameworks */ = {isa = PBXBuildFile; productRef = 32AF5AC12EFEBB49006BFB6C /* Supabase */; };
/* End PBXBuildFile section */

/* Begin PBXContainerItemProxy section */
		32E6DD8C2EFBC6B000E9E556 /* PBXContainerItemProxy */ = {
			isa = PBXContainerItemProxy;
			containerPortal = 32E6DD742EFBC6AE00E9E556 /* Project object */;
			proxyType = 1;
			remoteGlobalIDString = 32E6DD7B2EFBC6AE00E9E556;
			remoteInfo = EarthLord;
		};
		32E6DD962EFBC6B000E9E556 /* PBXContainerItemProxy */ = {
			isa = PBXContainerItemProxy;
			containerPortal = 32E6DD742EFBC6AE00E9E556 /* Project object */;
			proxyType = 1;
			remoteGlobalIDString = 32E6DD7B2EFBC6AE00E9E556;
			remoteInfo = EarthLord;
		};
/* End PBXContainerItemProxy section */

/* Begin PBXFileReference section */
		32E6DD7C2EFBC6AE00E9E556 /* EarthLord.app */ = {isa = PBXFileReference; explicitFileType = wrapper.application; includeInIndex = 0; path = EarthLord.app; sourceTree = BUILT_PRODUCTS_DIR; };
		32E6DD8B2EFBC6B000E9E556 /* EarthLordTests.xctest */ = {isa = PBXFileReference; explicitFileType = wrapper.cfbundle; includeInIndex = 0; path = EarthLordTests.xctest; sourceTree = BUILT_PRODUCTS_DIR; };
		32E6DD952EFBC6B000E9E556 /* EarthLordUITests.xctest */ = {isa = PBXFileReference; explicitFileType = wrapper.cfbundle; includeInIndex = 0; path = EarthLordUITests.xctest; sourceTree = BUILT_PRODUCTS_DIR; };
/* End PBXFileReference section */

/* Begin PBXFileSystemSynchronizedBuildFileExceptionSet section */
		323D459C2F041B7C006D02AD /* Exceptions for "EarthLord" folder in "EarthLord" target */ = {
			isa = PBXFileSystemSynchronizedBuildFileExceptionSet;
			membershipExceptions = (
				Info.plist,
			);
			target = 32E6DD7B2EFBC6AE00E9E556 /* EarthLord */;
		};
/* End PBXFileSystemSynchronizedBuildFileExceptionSet section */

/* Begin PBXFileSystemSynchronizedRootGroup section */
		32E6DD7E2EFBC6AE00E9E556 /* EarthLord */ = {
			isa = PBXFileSystemSynchronizedRootGroup;
			exceptions = (
				323D459C2F041B7C006D02AD /* Exceptions for "EarthLord" folder in "EarthLord" target */,
			);
			path = EarthLord;
			sourceTree = "<group>";
		};
		32E6DD8E2EFBC6B000E9E556 /* EarthLordTests */ = {
			isa = PBXFileSystemSynchronizedRootGroup;
			path = EarthLordTests;
			sourceTree = "<group>";
		};
		32E6DD982EFBC6B000E9E556 /* EarthLordUITests */ = {
			isa = PBXFileSystemSynchronizedRootGroup;
			path = EarthLordUITests;
			sourceTree = "<group>";
		};
/* End PBXFileSystemSynchronizedRootGroup section */

/* Begin PBXFrameworksBuildPhase section */
		32E6DD792EFBC6AE00E9E556 /* Frameworks */ = {
			isa = PBXFrameworksBuildPhase;
			buildActionMask = 2147483647;
			files = (
				323D45982F0418BE006D02AD /* GoogleSignInSwift in Frameworks */,
				32AF5AC22EFEBB49006BFB6C /* Supabase in Frameworks */,
				323D45962F0418BE006D02AD /* GoogleSignIn in Frameworks */,
			);
			runOnlyForDeploymentPostprocessing = 0;
		};
		32E6DD882EFBC6B000E9E556 /* Frameworks */ = {
			isa = PBXFrameworksBuildPhase;
			buildActionMask = 2147483647;
			files = (
			);
			runOnlyForDeploymentPostprocessing = 0;
		};
		32E6DD922EFBC6B000E9E556 /* Frameworks */ = {
			isa = PBXFrameworksBuildPhase;
			buildActionMask = 2147483647;
			files = (
			);
			runOnlyForDeploymentPostprocessing = 0;
		};
/* End PBXFrameworksBuildPhase section */

/* Begin PBXGroup section */
		32E6DD732EFBC6AE00E9E556 = {
			isa = PBXGroup;
			children = (
				32E6DD7E2EFBC6AE00E9E556 /* EarthLord */,
				32E6DD8E2EFBC6B000E9E556 /* EarthLordTests */,
				32E6DD982EFBC6B000E9E556 /* EarthLordUITests */,
				32E6DD7D2EFBC6AE00E9E556 /* Products */,
			);
			sourceTree = "<group>";
		};
		32E6DD7D2EFBC6AE00E9E556 /* Products */ = {
			isa = PBXGroup;
			children = (
				32E6DD7C2EFBC6AE00E9E556 /* EarthLord.app */,
				32E6DD8B2EFBC6B000E9E556 /* EarthLordTests.xctest */,
				32E6DD952EFBC6B000E9E556 /* EarthLordUITests.xctest */,
			);
			name = Products;
			sourceTree = "<group>";
		};
/* End PBXGroup section */

/* Begin PBXNativeTarget section */
		32E6DD7B2EFBC6AE00E9E556 /* EarthLord */ = {
			isa = PBXNativeTarget;
			buildConfigurationList = 32E6DD9F2EFBC6B000E9E556 /* Build configuration list for PBXNativeTarget "EarthLord" */;
			buildPhases = (
				32E6DD782EFBC6AE00E9E556 /* Sources */,
				32E6DD792EFBC6AE00E9E556 /* Frameworks */,
				32E6DD7A2EFBC6AE00E9E556 /* Resources */,
			);
			buildRules = (
			);
			dependencies = (
			);
			fileSystemSynchronizedGroups = (
				32E6DD7E2EFBC6AE00E9E556 /* EarthLord */,
			);
			name = EarthLord;
			packageProductDependencies = (
				32AF5AC12EFEBB49006BFB6C /* Supabase */,
				323D45952F0418BE006D02AD /* GoogleSignIn */,
				323D45972F0418BE006D02AD /* GoogleSignInSwift */,
			);
			productName = EarthLord;
			productReference = 32E6DD7C2EFBC6AE00E9E556 /* EarthLord.app */;
			productType = "com.apple.product-type.application";
		};
		32E6DD8A2EFBC6B000E9E556 /* EarthLordTests */ = {
			isa = PBXNativeTarget;
			buildConfigurationList = 32E6DDA22EFBC6B000E9E556 /* Build configuration list for PBXNativeTarget "EarthLordTests" */;
			buildPhases = (
				32E6DD872EFBC6B000E9E556 /* Sources */,
				32E6DD882EFBC6B000E9E556 /* Frameworks */,
				32E6DD892EFBC6B000E9E556 /* Resources */,
			);
			buildRules = (
			);
			dependencies = (
				32E6DD8D2EFBC6B000E9E556 /* PBXTargetDependency */,
			);
			fileSystemSynchronizedGroups = (
				32E6DD8E2EFBC6B000E9E556 /* EarthLordTests */,
			);
			name = EarthLordTests;
			packageProductDependencies = (
			);
			productName = EarthLordTests;
			productReference = 32E6DD8B2EFBC6B000E9E556 /* EarthLordTests.xctest */;
			productType = "com.apple.product-type.bundle.unit-test";
		};
		32E6DD942EFBC6B000E9E556 /* EarthLordUITests */ = {
			isa = PBXNativeTarget;
			buildConfigurationList = 32E6DDA52EFBC6B000E9E556 /* Build configuration list for PBXNativeTarget "EarthLordUITests" */;
			buildPhases = (
				32E6DD912EFBC6B000E9E556 /* Sources */,
				32E6DD922EFBC6B000E9E556 /* Frameworks */,
				32E6DD932EFBC6B000E9E556 /* Resources */,
			);
			buildRules = (
			);
			dependencies = (
				32E6DD972EFBC6B000E9E556 /* PBXTargetDependency */,
			);
			fileSystemSynchronizedGroups = (
				32E6DD982EFBC6B000E9E556 /* EarthLordUITests */,
			);
			name = EarthLordUITests;
			packageProductDependencies = (
			);
			productName = EarthLordUITests;
			productReference = 32E6DD952EFBC6B000E9E556 /* EarthLordUITests.xctest */;
			productType = "com.apple.product-type.bundle.ui-testing";
		};
/* End PBXNativeTarget section */

/* Begin PBXProject section */
		32E6DD742EFBC6AE00E9E556 /* Project object */ = {
			isa = PBXProject;
			attributes = {
				BuildIndependentTargetsInParallel = 1;
				LastSwiftUpdateCheck = 2610;
				LastUpgradeCheck = 2610;
				TargetAttributes = {
					32E6DD7B2EFBC6AE00E9E556 = {
						CreatedOnToolsVersion = 26.1.1;
					};
					32E6DD8A2EFBC6B000E9E556 = {
						CreatedOnToolsVersion = 26.1.1;
						TestTargetID = 32E6DD7B2EFBC6AE00E9E556;
					};
					32E6DD942EFBC6B000E9E556 = {
						CreatedOnToolsVersion = 26.1.1;
						TestTargetID = 32E6DD7B2EFBC6AE00E9E556;
					};
				};
			};
			buildConfigurationList = 32E6DD772EFBC6AE00E9E556 /* Build configuration list for PBXProject "EarthLord" */;
			developmentRegion = "zh-Hans";
			hasScannedForEncodings = 0;
			knownRegions = (
				en,
				Base,
				"zh-Hans",
			);
			mainGroup = 32E6DD732EFBC6AE00E9E556;
			minimizedProjectReferenceProxies = 1;
			packageReferences = (
				32AF5AC02EFEBACD006BFB6C /* XCRemoteSwiftPackageReference "supabase-swift" */,
				323D45942F0418BE006D02AD /* XCRemoteSwiftPackageReference "GoogleSignIn-iOS" */,
			);
			preferredProjectObjectVersion = 77;
			productRefGroup = 32E6DD7D2EFBC6AE00E9E556 /* Products */;
			projectDirPath = "";
			projectRoot = "";
			targets = (
				32E6DD7B2EFBC6AE00E9E556 /* EarthLord */,
				32E6DD8A2EFBC6B000E9E556 /* EarthLordTests */,
				32E6DD942EFBC6B000E9E556 /* EarthLordUITests */,
			);
		};
/* End PBXProject section */

/* Begin PBXResourcesBuildPhase section */
		32E6DD7A2EFBC6AE00E9E556 /* Resources */ = {
			isa = PBXResourcesBuildPhase;
			buildActionMask = 2147483647;
			files = (
			);
			runOnlyForDeploymentPostprocessing = 0;
		};
		32E6DD892EFBC6B000E9E556 /* Resources */ = {
			isa = PBXResourcesBuildPhase;
			buildActionMask = 2147483647;
			files = (
			);
			runOnlyForDeploymentPostprocessing = 0;
		};
		32E6DD932EFBC6B000E9E556 /* Resources */ = {
			isa = PBXResourcesBuildPhase;
			buildActionMask = 2147483647;
			files = (
			);
			runOnlyForDeploymentPostprocessing = 0;
		};
/* End PBXResourcesBuildPhase section */

/* Begin PBXSourcesBuildPhase section */
		32E6DD782EFBC6AE00E9E556 /* Sources */ = {
			isa = PBXSourcesBuildPhase;
			buildActionMask = 2147483647;
			files = (
			);
			runOnlyForDeploymentPostprocessing = 0;
		};
		32E6DD872EFBC6B000E9E556 /* Sources */ = {
			isa = PBXSourcesBuildPhase;
			buildActionMask = 2147483647;
			files = (
			);
			runOnlyForDeploymentPostprocessing = 0;
		};
		32E6DD912EFBC6B000E9E556 /* Sources */ = {
			isa = PBXSourcesBuildPhase;
			buildActionMask = 2147483647;
			files = (
			);
			runOnlyForDeploymentPostprocessing = 0;
		};
/* End PBXSourcesBuildPhase section */

/* Begin PBXTargetDependency section */
		32E6DD8D2EFBC6B000E9E556 /* PBXTargetDependency */ = {
			isa = PBXTargetDependency;
			target = 32E6DD7B2EFBC6AE00E9E556 /* EarthLord */;
			targetProxy = 32E6DD8C2EFBC6B000E9E556 /* PBXContainerItemProxy */;
		};
		32E6DD972EFBC6B000E9E556 /* PBXTargetDependency */ = {
			isa = PBXTargetDependency;
			target = 32E6DD7B2EFBC6AE00E9E556 /* EarthLord */;
			targetProxy = 32E6DD962EFBC6B000E9E556 /* PBXContainerItemProxy */;
		};
/* End PBXTargetDependency section */

/* Begin XCBuildConfiguration section */
		32E6DD9D2EFBC6B000E9E556 /* Debug */ = {
			isa = XCBuildConfiguration;
			buildSettings = {
				ALWAYS_SEARCH_USER_PATHS = NO;
				ASSETCATALOG_COMPILER_GENERATE_SWIFT_ASSET_SYMBOL_EXTENSIONS = YES;
				CLANG_ANALYZER_NONNULL = YES;
				CLANG_ANALYZER_NUMBER_OBJECT_CONVERSION = YES_AGGRESSIVE;
				CLANG_CXX_LANGUAGE_STANDARD = "gnu++20";
				CLANG_ENABLE_MODULES = YES;
				CLANG_ENABLE_OBJC_ARC = YES;
				CLANG_ENABLE_OBJC_WEAK = YES;
				CLANG_WARN_BLOCK_CAPTURE_AUTORELEASING = YES;
				CLANG_WARN_BOOL_CONVERSION = YES;
				CLANG_WARN_COMMA = YES;
				CLANG_WARN_CONSTANT_CONVERSION = YES;
				CLANG_WARN_DEPRECATED_OBJC_IMPLEMENTATIONS = YES;
				CLANG_WARN_DIRECT_OBJC_ISA_USAGE = YES_ERROR;
				CLANG_WARN_DOCUMENTATION_COMMENTS = YES;
				CLANG_WARN_EMPTY_BODY = YES;
				CLANG_WARN_ENUM_CONVERSION = YES;
				CLANG_WARN_INFINITE_RECURSION = YES;
				CLANG_WARN_INT_CONVERSION = YES;
				CLANG_WARN_NON_LITERAL_NULL_CONVERSION = YES;
				CLANG_WARN_OBJC_IMPLICIT_RETAIN_SELF = YES;
				CLANG_WARN_OBJC_LITERAL_CONVERSION = YES;
				CLANG_WARN_OBJC_ROOT_CLASS = YES_ERROR;
				CLANG_WARN_QUOTED_INCLUDE_IN_FRAMEWORK_HEADER = YES;
				CLANG_WARN_RANGE_LOOP_ANALYSIS = YES;
				CLANG_WARN_STRICT_PROTOTYPES = YES;
				CLANG_WARN_SUSPICIOUS_MOVE = YES;
				CLANG_WARN_UNGUARDED_AVAILABILITY = YES_AGGRESSIVE;
				CLANG_WARN_UNREACHABLE_CODE = YES;
				CLANG_WARN__DUPLICATE_METHOD_MATCH = YES;
				COPY_PHASE_STRIP = NO;
				DEBUG_INFORMATION_FORMAT = dwarf;
				DEVELOPMENT_TEAM = L962U4PU87;
				ENABLE_STRICT_OBJC_MSGSEND = YES;
				ENABLE_TESTABILITY = YES;
				ENABLE_USER_SCRIPT_SANDBOXING = YES;
				GCC_C_LANGUAGE_STANDARD = gnu17;
				GCC_DYNAMIC_NO_PIC = NO;
				GCC_NO_COMMON_BLOCKS = YES;
				GCC_OPTIMIZATION_LEVEL = 0;
				GCC_PREPROCESSOR_DEFINITIONS = (
					"DEBUG=1",
					"$(inherited)",
				);
				GCC_WARN_64_TO_32_BIT_CONVERSION = YES;
				GCC_WARN_ABOUT_RETURN_TYPE = YES_ERROR;
				GCC_WARN_UNDECLARED_SELECTOR = YES;
				GCC_WARN_UNINITIALIZED_AUTOS = YES_AGGRESSIVE;
				GCC_WARN_UNUSED_FUNCTION = YES;
				GCC_WARN_UNUSED_VARIABLE = YES;
				IPHONEOS_DEPLOYMENT_TARGET = 26.1;
				LOCALIZATION_PREFERS_STRING_CATALOGS = YES;
				MTL_ENABLE_DEBUG_INFO = INCLUDE_SOURCE;
				MTL_FAST_MATH = YES;
				ONLY_ACTIVE_ARCH = YES;
				SDKROOT = iphoneos;
				SWIFT_ACTIVE_COMPILATION_CONDITIONS = "DEBUG $(inherited)";
				SWIFT_EMIT_LOC_STRINGS = YES;
				SWIFT_OPTIMIZATION_LEVEL = "-Onone";
			};
			name = Debug;
		};
		32E6DD9E2EFBC6B000E9E556 /* Release */ = {
			isa = XCBuildConfiguration;
			buildSettings = {
				ALWAYS_SEARCH_USER_PATHS = NO;
				ASSETCATALOG_COMPILER_GENERATE_SWIFT_ASSET_SYMBOL_EXTENSIONS = YES;
				CLANG_ANALYZER_NONNULL = YES;
				CLANG_ANALYZER_NUMBER_OBJECT_CONVERSION = YES_AGGRESSIVE;
				CLANG_CXX_LANGUAGE_STANDARD = "gnu++20";
				CLANG_ENABLE_MODULES = YES;
				CLANG_ENABLE_OBJC_ARC = YES;
				CLANG_ENABLE_OBJC_WEAK = YES;
				CLANG_WARN_BLOCK_CAPTURE_AUTORELEASING = YES;
				CLANG_WARN_BOOL_CONVERSION = YES;
				CLANG_WARN_COMMA = YES;
				CLANG_WARN_CONSTANT_CONVERSION = YES;
				CLANG_WARN_DEPRECATED_OBJC_IMPLEMENTATIONS = YES;
				CLANG_WARN_DIRECT_OBJC_ISA_USAGE = YES_ERROR;
				CLANG_WARN_DOCUMENTATION_COMMENTS = YES;
				CLANG_WARN_EMPTY_BODY = YES;
				CLANG_WARN_ENUM_CONVERSION = YES;
				CLANG_WARN_INFINITE_RECURSION = YES;
				CLANG_WARN_INT_CONVERSION = YES;
				CLANG_WARN_NON_LITERAL_NULL_CONVERSION = YES;
				CLANG_WARN_OBJC_IMPLICIT_RETAIN_SELF = YES;
				CLANG_WARN_OBJC_LITERAL_CONVERSION = YES;
				CLANG_WARN_OBJC_ROOT_CLASS = YES_ERROR;
				CLANG_WARN_QUOTED_INCLUDE_IN_FRAMEWORK_HEADER = YES;
				CLANG_WARN_RANGE_LOOP_ANALYSIS = YES;
				CLANG_WARN_STRICT_PROTOTYPES = YES;
				CLANG_WARN_SUSPICIOUS_MOVE = YES;
				CLANG_WARN_UNGUARDED_AVAILABILITY = YES_AGGRESSIVE;
				CLANG_WARN_UNREACHABLE_CODE = YES;
				CLANG_WARN__DUPLICATE_METHOD_MATCH = YES;
				COPY_PHASE_STRIP = NO;
				DEBUG_INFORMATION_FORMAT = "dwarf-with-dsym";
				DEVELOPMENT_TEAM = L962U4PU87;
				ENABLE_NS_ASSERTIONS = NO;
				ENABLE_STRICT_OBJC_MSGSEND = YES;
				ENABLE_USER_SCRIPT_SANDBOXING = YES;
				GCC_C_LANGUAGE_STANDARD = gnu17;
				GCC_NO_COMMON_BLOCKS = YES;
				GCC_WARN_64_TO_32_BIT_CONVERSION = YES;
				GCC_WARN_ABOUT_RETURN_TYPE = YES_ERROR;
				GCC_WARN_UNDECLARED_SELECTOR = YES;
				GCC_WARN_UNINITIALIZED_AUTOS = YES_AGGRESSIVE;
				GCC_WARN_UNUSED_FUNCTION = YES;
				GCC_WARN_UNUSED_VARIABLE = YES;
				IPHONEOS_DEPLOYMENT_TARGET = 26.1;
				LOCALIZATION_PREFERS_STRING_CATALOGS = YES;
				MTL_ENABLE_DEBUG_INFO = NO;
				MTL_FAST_MATH = YES;
				SDKROOT = iphoneos;
				SWIFT_COMPILATION_MODE = wholemodule;
				SWIFT_EMIT_LOC_STRINGS = YES;
				VALIDATE_PRODUCT = YES;
			};
			name = Release;
		};
		32E6DDA02EFBC6B000E9E556 /* Debug */ = {
			isa = XCBuildConfiguration;
			buildSettings = {
				ASSETCATALOG_COMPILER_APPICON_NAME = AppIcon;
				ASSETCATALOG_COMPILER_GLOBAL_ACCENT_COLOR_NAME = AccentColor;
				CODE_SIGN_STYLE = Automatic;
				CURRENT_PROJECT_VERSION = 1;
				DEVELOPMENT_TEAM = L962U4PU87;
				ENABLE_PREVIEWS = YES;
				GENERATE_INFOPLIST_FILE = YES;
				INFOPLIST_FILE = EarthLord/Info.plist;
				INFOPLIST_KEY_UIApplicationSceneManifest_Generation = YES;
				INFOPLIST_KEY_UIApplicationSupportsIndirectInputEvents = YES;
				INFOPLIST_KEY_UILaunchScreen_Generation = YES;
				INFOPLIST_KEY_UISupportedInterfaceOrientations_iPad = "UIInterfaceOrientationPortrait UIInterfaceOrientationPortraitUpsideDown UIInterfaceOrientationLandscapeLeft UIInterfaceOrientationLandscapeRight";
				INFOPLIST_KEY_UISupportedInterfaceOrientations_iPhone = "UIInterfaceOrientationPortrait UIInterfaceOrientationLandscapeLeft UIInterfaceOrientationLandscapeRight";
				LD_RUNPATH_SEARCH_PATHS = (
					"$(inherited)",
					"@executable_path/Frameworks",
				);
				MARKETING_VERSION = 1.0;
				PRODUCT_BUNDLE_IDENTIFIER = com.xinyao.EarthLord;
				PRODUCT_NAME = "$(TARGET_NAME)";
				STRING_CATALOG_GENERATE_SYMBOLS = YES;
				SWIFT_APPROACHABLE_CONCURRENCY = YES;
				SWIFT_DEFAULT_ACTOR_ISOLATION = MainActor;
				SWIFT_EMIT_LOC_STRINGS = YES;
				SWIFT_UPCOMING_FEATURE_MEMBER_IMPORT_VISIBILITY = YES;
				SWIFT_VERSION = 5.0;
				TARGETED_DEVICE_FAMILY = "1,2";
			};
			name = Debug;
		};
		32E6DDA12EFBC6B000E9E556 /* Release */ = {
			isa = XCBuildConfiguration;
			buildSettings = {
				ASSETCATALOG_COMPILER_APPICON_NAME = AppIcon;
				ASSETCATALOG_COMPILER_GLOBAL_ACCENT_COLOR_NAME = AccentColor;
				CODE_SIGN_STYLE = Automatic;
				CURRENT_PROJECT_VERSION = 1;
				DEVELOPMENT_TEAM = L962U4PU87;
				ENABLE_PREVIEWS = YES;
				GENERATE_INFOPLIST_FILE = YES;
				INFOPLIST_FILE = EarthLord/Info.plist;
				INFOPLIST_KEY_UIApplicationSceneManifest_Generation = YES;
				INFOPLIST_KEY_UIApplicationSupportsIndirectInputEvents = YES;
				INFOPLIST_KEY_UILaunchScreen_Generation = YES;
				INFOPLIST_KEY_UISupportedInterfaceOrientations_iPad = "UIInterfaceOrientationPortrait UIInterfaceOrientationPortraitUpsideDown UIInterfaceOrientationLandscapeLeft UIInterfaceOrientationLandscapeRight";
				INFOPLIST_KEY_UISupportedInterfaceOrientations_iPhone = "UIInterfaceOrientationPortrait UIInterfaceOrientationLandscapeLeft UIInterfaceOrientationLandscapeRight";
				LD_RUNPATH_SEARCH_PATHS = (
					"$(inherited)",
					"@executable_path/Frameworks",
				);
				MARKETING_VERSION = 1.0;
				PRODUCT_BUNDLE_IDENTIFIER = com.xinyao.EarthLord;
				PRODUCT_NAME = "$(TARGET_NAME)";
				STRING_CATALOG_GENERATE_SYMBOLS = YES;
				SWIFT_APPROACHABLE_CONCURRENCY = YES;
				SWIFT_DEFAULT_ACTOR_ISOLATION = MainActor;
				SWIFT_EMIT_LOC_STRINGS = YES;
				SWIFT_UPCOMING_FEATURE_MEMBER_IMPORT_VISIBILITY = YES;
				SWIFT_VERSION = 5.0;
				TARGETED_DEVICE_FAMILY = "1,2";
			};
			name = Release;
		};
		32E6DDA32EFBC6B000E9E556 /* Debug */ = {
			isa = XCBuildConfiguration;
			buildSettings = {
				BUNDLE_LOADER = "$(TEST_HOST)";
				CODE_SIGN_STYLE = Automatic;
				CURRENT_PROJECT_VERSION = 1;
				DEVELOPMENT_TEAM = L962U4PU87;
				GENERATE_INFOPLIST_FILE = YES;
				IPHONEOS_DEPLOYMENT_TARGET = 26.1;
				MARKETING_VERSION = 1.0;
				PRODUCT_BUNDLE_IDENTIFIER = com.xinyao.EarthLordTests;
				PRODUCT_NAME = "$(TARGET_NAME)";
				STRING_CATALOG_GENERATE_SYMBOLS = NO;
				SWIFT_APPROACHABLE_CONCURRENCY = YES;
				SWIFT_EMIT_LOC_STRINGS = NO;
				SWIFT_UPCOMING_FEATURE_MEMBER_IMPORT_VISIBILITY = YES;
				SWIFT_VERSION = 5.0;
				TARGETED_DEVICE_FAMILY = "1,2";
				TEST_HOST = "$(BUILT_PRODUCTS_DIR)/EarthLord.app/$(BUNDLE_EXECUTABLE_FOLDER_PATH)/EarthLord";
			};
			name = Debug;
		};
		32E6DDA42EFBC6B000E9E556 /* Release */ = {
			isa = XCBuildConfiguration;
			buildSettings = {
				BUNDLE_LOADER = "$(TEST_HOST)";
				CODE_SIGN_STYLE = Automatic;
				CURRENT_PROJECT_VERSION = 1;
				DEVELOPMENT_TEAM = L962U4PU87;
				GENERATE_INFOPLIST_FILE = YES;
				IPHONEOS_DEPLOYMENT_TARGET = 26.1;
				MARKETING_VERSION = 1.0;
				PRODUCT_BUNDLE_IDENTIFIER = com.xinyao.EarthLordTests;
				PRODUCT_NAME = "$(TARGET_NAME)";
				STRING_CATALOG_GENERATE_SYMBOLS = NO;
				SWIFT_APPROACHABLE_CONCURRENCY = YES;
				SWIFT_EMIT_LOC_STRINGS = NO;
				SWIFT_UPCOMING_FEATURE_MEMBER_IMPORT_VISIBILITY = YES;
				SWIFT_VERSION = 5.0;
				TARGETED_DEVICE_FAMILY = "1,2";
				TEST_HOST = "$(BUILT_PRODUCTS_DIR)/EarthLord.app/$(BUNDLE_EXECUTABLE_FOLDER_PATH)/EarthLord";
			};
			name = Release;
		};
		32E6DDA62EFBC6B000E9E556 /* Debug */ = {
			isa = XCBuildConfiguration;
			buildSettings = {
				CODE_SIGN_STYLE = Automatic;
				CURRENT_PROJECT_VERSION = 1;
				DEVELOPMENT_TEAM = L962U4PU87;
				GENERATE_INFOPLIST_FILE = YES;
				MARKETING_VERSION = 1.0;
				PRODUCT_BUNDLE_IDENTIFIER = com.xinyao.EarthLordUITests;
				PRODUCT_NAME = "$(TARGET_NAME)";
				STRING_CATALOG_GENERATE_SYMBOLS = NO;
				SWIFT_APPROACHABLE_CONCURRENCY = YES;
				SWIFT_EMIT_LOC_STRINGS = NO;
				SWIFT_UPCOMING_FEATURE_MEMBER_IMPORT_VISIBILITY = YES;
				SWIFT_VERSION = 5.0;
				TARGETED_DEVICE_FAMILY = "1,2";
				TEST_TARGET_NAME = EarthLord;
			};
			name = Debug;
		};
		32E6DDA72EFBC6B000E9E556 /* Release */ = {
			isa = XCBuildConfiguration;
			buildSettings = {
				CODE_SIGN_STYLE = Automatic;
				CURRENT_PROJECT_VERSION = 1;
				DEVELOPMENT_TEAM = L962U4PU87;
				GENERATE_INFOPLIST_FILE = YES;
				MARKETING_VERSION = 1.0;
				PRODUCT_BUNDLE_IDENTIFIER = com.xinyao.EarthLordUITests;
				PRODUCT_NAME = "$(TARGET_NAME)";
				STRING_CATALOG_GENERATE_SYMBOLS = NO;
				SWIFT_APPROACHABLE_CONCURRENCY = YES;
				SWIFT_EMIT_LOC_STRINGS = NO;
				SWIFT_UPCOMING_FEATURE_MEMBER_IMPORT_VISIBILITY = YES;
				SWIFT_VERSION = 5.0;
				TARGETED_DEVICE_FAMILY = "1,2";
				TEST_TARGET_NAME = EarthLord;
			};
			name = Release;
		};
/* End XCBuildConfiguration section */

/* Begin XCConfigurationList section */
		32E6DD772EFBC6AE00E9E556 /* Build configuration list for PBXProject "EarthLord" */ = {
			isa = XCConfigurationList;
			buildConfigurations = (
				32E6DD9D2EFBC6B000E9E556 /* Debug */,
				32E6DD9E2EFBC6B000E9E556 /* Release */,
			);
			defaultConfigurationIsVisible = 0;
			defaultConfigurationName = Release;
		};
		32E6DD9F2EFBC6B000E9E556 /* Build configuration list for PBXNativeTarget "EarthLord" */ = {
			isa = XCConfigurationList;
			buildConfigurations = (
				32E6DDA02EFBC6B000E9E556 /* Debug */,
				32E6DDA12EFBC6B000E9E556 /* Release */,
			);
			defaultConfigurationIsVisible = 0;
			defaultConfigurationName = Release;
		};
		32E6DDA22EFBC6B000E9E556 /* Build configuration list for PBXNativeTarget "EarthLordTests" */ = {
			isa = XCConfigurationList;
			buildConfigurations = (
				32E6DDA32EFBC6B000E9E556 /* Debug */,
				32E6DDA42EFBC6B000E9E556 /* Release */,
			);
			defaultConfigurationIsVisible = 0;
			defaultConfigurationName = Release;
		};
		32E6DDA52EFBC6B000E9E556 /* Build configuration list for PBXNativeTarget "EarthLordUITests" */ = {
			isa = XCConfigurationList;
			buildConfigurations = (
				32E6DDA62EFBC6B000E9E556 /* Debug */,
				32E6DDA72EFBC6B000E9E556 /* Release */,
			);
			defaultConfigurationIsVisible = 0;
			defaultConfigurationName = Release;
		};
/* End XCConfigurationList section */

/* Begin XCRemoteSwiftPackageReference section */
		323D45942F0418BE006D02AD /* XCRemoteSwiftPackageReference "GoogleSignIn-iOS" */ = {
			isa = XCRemoteSwiftPackageReference;
			repositoryURL = "https://github.com/google/GoogleSignIn-iOS";
			requirement = {
				kind = upToNextMajorVersion;
				minimumVersion = 9.0.0;
			};
		};
		32AF5AC02EFEBACD006BFB6C /* XCRemoteSwiftPackageReference "supabase-swift" */ = {
			isa = XCRemoteSwiftPackageReference;
			repositoryURL = "https://github.com/supabase/supabase-swift";
			requirement = {
				kind = upToNextMajorVersion;
				minimumVersion = 2.5.1;
			};
		};
/* End XCRemoteSwiftPackageReference section */

/* Begin XCSwiftPackageProductDependency section */
		323D45952F0418BE006D02AD /* GoogleSignIn */ = {
			isa = XCSwiftPackageProductDependency;
			package = 323D45942F0418BE006D02AD /* XCRemoteSwiftPackageReference "GoogleSignIn-iOS" */;
			productName = GoogleSignIn;
		};
		323D45972F0418BE006D02AD /* GoogleSignInSwift */ = {
			isa = XCSwiftPackageProductDependency;
			package = 323D45942F0418BE006D02AD /* XCRemoteSwiftPackageReference "GoogleSignIn-iOS" */;
			productName = GoogleSignInSwift;
		};
		32AF5AC12EFEBB49006BFB6C /* Supabase */ = {
			isa = XCSwiftPackageProductDependency;
			package = 32AF5AC02EFEBACD006BFB6C /* XCRemoteSwiftPackageReference "supabase-swift" */;
			productName = Supabase;
		};
/* End XCSwiftPackageProductDependency section */
	};
	rootObject = 32E6DD742EFBC6AE00E9E556 /* Project object */;
}
